
Microsoft Visual Studio Solution File, Format Version 12.00
# Visual Studio Version 16
VisualStudioVersion = 16.0.31205.134
MinimumVisualStudioVersion = 10.0.40219.1
Project("{9A19103F-16F7-4668-BE54-9A1E7A4F7556}") = "TheCheaps", "TheCheaps\TheCheaps.csproj", "{6EB42B01-D26E-4278-A877-2004AB0BD506}"
EndProject
Project("{9A19103F-16F7-4668-BE54-9A1E7A4F7556}") = "TheCheapsServer", "TheCheapsServer\TheCheapsServer.csproj", "{433D9ADF-FD9D-4CFF-8F01-49B27A41CA74}"
EndProject
Project("{9A19103F-16F7-4668-BE54-9A1E7A4F7556}") = "TheCheapsLib", "TheCheapsLib\TheCheapsLib.csproj", "{1FE9280D-C422-4587-811D-B65AF1C1D711}"
EndProject
Project("{9A19103F-16F7-4668-BE54-9A1E7A4F7556}") = "Lidgren.Network.MultiTarget", "Libraries\Lidgren\Lidgren.Network.MultiTarget\Lidgren.Network.MultiTarget.csproj", "{BADD1107-7935-4C6B-B455-861285D402C1}"
EndProject
Global
	GlobalSection(SolutionConfigurationPlatforms) = preSolution
		Debug|Any CPU = Debug|Any CPU
		Release|Any CPU = Release|Any CPU
	EndGlobalSection
	GlobalSection(ProjectConfigurationPlatforms) = postSolution
		{6EB42B01-D26E-4278-A877-2004AB0BD506}.Debug|Any CPU.ActiveCfg = Debug|Any CPU
		{6EB42B01-D26E-4278-A877-2004AB0BD506}.Debug|Any CPU.Build.0 = Debug|Any CPU
		{6EB42B01-D26E-4278-A877-2004AB0BD506}.Release|Any CPU.ActiveCfg = Release|Any CPU
		{6EB42B01-D26E-4278-A877-2004AB0BD506}.Release|Any CPU.Build.0 = Release|Any CPU
		{433D9ADF-FD9D-4CFF-8F01-49B27A41CA74}.Debug|Any CPU.ActiveCfg = Debug|Any CPU
		{433D9ADF-FD9D-4CFF-8F01-49B27A41CA74}.Debug|Any CPU.Build.0 = Debug|Any CPU
		{433D9ADF-FD9D-4CFF-8F01-49B27A41CA74}.Release|Any CPU.ActiveCfg = Release|Any CPU
		{433D9ADF-FD9D-4CFF-8F01-49B27A41CA74}.Release|Any CPU.Build.0 = Release|Any CPU
		{1FE9280D-C422-4587-811D-B65AF1C1D711}.Debug|Any CPU.ActiveCfg = Debug|Any CPU
		{1FE9280D-C422-4587-811D-B65AF1C1D711}.Debug|Any CPU.Build.0 = Debug|Any CPU
		{1FE9280D-C422-4587-811D-B65AF1C1D711}.Release|Any CPU.ActiveCfg = Release|Any CPU
		{1FE9280D-C422-4587-811D-B65AF1C1D711}.Release|Any CPU.Build.0 = Release|Any CPU
		{BADD1107-7935-4C6B-B455-861285D402C1}.Debug|Any CPU.ActiveCfg = Debug|Any CPU
		{BADD1107-7935-4C6B-B455-861285D402C1}.Debug|Any CPU.Build.0 = Debug|Any CPU
		{BADD1107-7935-4C6B-B455-861285D402C1}.Release|Any CPU.ActiveCfg = Release|Any CPU
		{BADD1107-7935-4C6B-B455-861285D402C1}.Release|Any CPU.Build.0 = Release|Any CPU
	EndGlobalSection
	GlobalSection(SolutionProperties) = preSolution
		HideSolutionNode = FALSE
	EndGlobalSection
	GlobalSection(ExtensibilityGlobals) = postSolution
		SolutionGuid = {0C869BBE-E123-45CE-B62D-C42B15D6C26A}
	EndGlobalSection
EndGlobal
